
Microsoft Visual Studio Solution File, Format Version 12.00
# Visual Studio Version 17
VisualStudioVersion = 17.11.35327.3
MinimumVisualStudioVersion = 10.0.40219.1
Project("{FAE04EC0-301F-11D3-BF4B-00C04F79EFBC}") = "Classic Snake Game", "Classic Snake Game.csproj", "{8875CBCC-9C40-40AF-8CB8-3A4A072422FF}"
EndProject
Global
	GlobalSection(SolutionConfigurationPlatforms) = preSolution
		Debug|Any CPU = Debug|Any CPU
		Release|Any CPU = Release|Any CPU
	EndGlobalSection
	GlobalSection(ProjectConfigurationPlatforms) = postSolution
		{8875CBCC-9C40-40AF-8CB8-3A4A072422FF}.Debug|Any CPU.ActiveCfg = Debug|Any CPU
		{8875CBCC-9C40-40AF-8CB8-3A4A072422FF}.Debug|Any CPU.Build.0 = Debug|Any CPU
		{8875CBCC-9C40-40AF-8CB8-3A4A072422FF}.Release|Any CPU.ActiveCfg = Release|Any CPU
		{8875CBCC-9C40-40AF-8CB8-3A4A072422FF}.Release|Any CPU.Build.0 = Release|Any CPU
	EndGlobalSection
	GlobalSection(SolutionProperties) = preSolution
		HideSolutionNode = FALSE
	EndGlobalSection
	GlobalSection(ExtensibilityGlobals) = postSolution
		SolutionGuid = {2F35F9AA-12F2-4DF0-BB6E-88CC720F2B0B}
	EndGlobalSection
EndGlobal
